
Microsoft Visual Studio Solution File, Format Version 12.00
# Visual Studio Version 17
VisualStudioVersion = 17.8.34316.72
MinimumVisualStudioVersion = 10.0.40219.1
Project("{FAE04EC0-301F-11D3-BF4B-00C04F79EFBC}") = "BoardGlower", "BoardGlower\BoardGlower.csproj", "{5AE714AE-F348-47CE-BB4F-A513B1AC657D}"
EndProject
Global
	GlobalSection(SolutionConfigurationPlatforms) = preSolution
		Debug|Any CPU = Debug|Any CPU
		Release|Any CPU = Release|Any CPU
	EndGlobalSection
	GlobalSection(ProjectConfigurationPlatforms) = postSolution
		{5AE714AE-F348-47CE-BB4F-A513B1AC657D}.Debug|Any CPU.ActiveCfg = Debug|Any CPU
		{5AE714AE-F348-47CE-BB4F-A513B1AC657D}.Debug|Any CPU.Build.0 = Debug|Any CPU
		{5AE714AE-F348-47CE-BB4F-A513B1AC657D}.Release|Any CPU.ActiveCfg = Release|Any CPU
		{5AE714AE-F348-47CE-BB4F-A513B1AC657D}.Release|Any CPU.Build.0 = Release|Any CPU
	EndGlobalSection
	GlobalSection(SolutionProperties) = preSolution
		HideSolutionNode = FALSE
	EndGlobalSection
	GlobalSection(ExtensibilityGlobals) = postSolution
		SolutionGuid = {76114FAE-318D-4E8A-A88D-C4A402D6A097}
	EndGlobalSection
EndGlobal
